
Microsoft Visual Studio Solution File, Format Version 12.00
# Visual Studio Version 17
VisualStudioVersion = 17.2.32526.322
MinimumVisualStudioVersion = 10.0.40219.1
Project("{9A19103F-16F7-4668-BE54-9A1E7A4F7556}") = "ProRecipesWebAPI.Api", "ProRecipesWebAPI.Api\ProRecipesWebAPI.Api.csproj", "{8925DB8C-FAAA-45DB-845A-63C776899789}"
EndProject
Project("{9A19103F-16F7-4668-BE54-9A1E7A4F7556}") = "ProRecipesWebAPI.Tests", "ProRecipesWebAPI.Tests\ProRecipesWebAPI.Tests.csproj", "{6C668876-DB2B-4923-A82C-CC65BD247B9B}"
EndProject
Project("{2150E333-8FDC-42A3-9474-1A3956D46DE8}") = ".github", ".github", "{2EA9A766-A5F4-44B1-BB0A-070BC0672915}"
EndProject
Project("{2150E333-8FDC-42A3-9474-1A3956D46DE8}") = "workflows", "workflows", "{E24E2F7C-AA1F-4C6A-A6B0-D7DC8AE43A29}"
	ProjectSection(SolutionItems) = preProject
		.github\workflows\dotnet.yml = .github\workflows\dotnet.yml
	EndProjectSection
EndProject
Global
	GlobalSection(SolutionConfigurationPlatforms) = preSolution
		Debug|Any CPU = Debug|Any CPU
		Release|Any CPU = Release|Any CPU
	EndGlobalSection
	GlobalSection(ProjectConfigurationPlatforms) = postSolution
		{8925DB8C-FAAA-45DB-845A-63C776899789}.Debug|Any CPU.ActiveCfg = Debug|Any CPU
		{8925DB8C-FAAA-45DB-845A-63C776899789}.Debug|Any CPU.Build.0 = Debug|Any CPU
		{8925DB8C-FAAA-45DB-845A-63C776899789}.Release|Any CPU.ActiveCfg = Release|Any CPU
		{8925DB8C-FAAA-45DB-845A-63C776899789}.Release|Any CPU.Build.0 = Release|Any CPU
		{6C668876-DB2B-4923-A82C-CC65BD247B9B}.Debug|Any CPU.ActiveCfg = Debug|Any CPU
		{6C668876-DB2B-4923-A82C-CC65BD247B9B}.Debug|Any CPU.Build.0 = Debug|Any CPU
		{6C668876-DB2B-4923-A82C-CC65BD247B9B}.Release|Any CPU.ActiveCfg = Release|Any CPU
		{6C668876-DB2B-4923-A82C-CC65BD247B9B}.Release|Any CPU.Build.0 = Release|Any CPU
	EndGlobalSection
	GlobalSection(SolutionProperties) = preSolution
		HideSolutionNode = FALSE
	EndGlobalSection
	GlobalSection(NestedProjects) = preSolution
		{E24E2F7C-AA1F-4C6A-A6B0-D7DC8AE43A29} = {2EA9A766-A5F4-44B1-BB0A-070BC0672915}
	EndGlobalSection
	GlobalSection(ExtensibilityGlobals) = postSolution
		SolutionGuid = {36BA0929-8297-4015-8AFA-2A77551858CB}
	EndGlobalSection
EndGlobal
